<?xml version="1.0" encoding="utf-8"?>
<Project ToolsVersion="17.0" xmlns="http://schemas.microsoft.com/developer/msbuild/2003">
  <ItemGroup>
    <ClCompile Include="alc\alc.cpp">
      <Filter>Source Files</Filter>
    </ClCompile>
    <ClCompile Include="common\alcomplex.cpp">
      <Filter>Source Files</Filter>
    </ClCompile>
    <ClCompile Include="alc\alconfig.cpp">
      <Filter>Source Files</Filter>
    </ClCompile>
    <ClCompile Include="common\alfstream.cpp">
      <Filter>Source Files</Filter>
    </ClCompile>
    <ClCompile Include="common\almalloc.cpp">
      <Filter>Source Files</Filter>
    </ClCompile>
    <ClCompile Include="common\alstring.cpp">
      <Filter>Source Files</Filter>
    </ClCompile>
    <ClCompile Include="alc\alu.cpp">
      <Filter>Source Files</Filter>
    </ClCompile>
    <ClCompile Include="core\ambdec.cpp">
      <Filter>Source Files</Filter>
    </ClCompile>
    <ClCompile Include="core\ambidefs.cpp">
      <Filter>Source Files</Filter>
    </ClCompile>
    <ClCompile Include="al\eax\api.cpp">
      <Filter>Source Files</Filter>
    </ClCompile>
    <ClCompile Include="al\effects\autowah.cpp">
      <Filter>Source Files</Filter>
    </ClCompile>
    <ClCompile Include="alc\effects\autowah.cpp">
      <Filter>Source Files</Filter>
    </ClCompile>
    <ClCompile Include="al\auxeffectslot.cpp">
      <Filter>Source Files</Filter>
    </ClCompile>
    <ClCompile Include="alc\backends\base.cpp">
      <Filter>Source Files</Filter>
    </ClCompile>
    <ClCompile Include="core\bformatdec.cpp">
      <Filter>Source Files</Filter>
    </ClCompile>
    <ClCompile Include="core\filters\biquad.cpp">
      <Filter>Source Files</Filter>
    </ClCompile>
    <ClCompile Include="core\bs2b.cpp">
      <Filter>Source Files</Filter>
    </ClCompile>
    <ClCompile Include="core\bsinc_tables.cpp">
      <Filter>Source Files</Filter>
    </ClCompile>
    <ClCompile Include="al\buffer.cpp">
      <Filter>Source Files</Filter>
    </ClCompile>
    <ClCompile Include="core\buffer_storage.cpp">
      <Filter>Source Files</Filter>
    </ClCompile>
    <ClCompile Include="al\eax\call.cpp">
      <Filter>Source Files</Filter>
    </ClCompile>
    <ClCompile Include="alc\effects\chorus.cpp">
      <Filter>Source Files</Filter>
    </ClCompile>
    <ClCompile Include="al\effects\chorus.cpp">
      <Filter>Source Files</Filter>
    </ClCompile>
    <ClCompile Include="al\effects\compressor.cpp">
      <Filter>Source Files</Filter>
    </ClCompile>
    <ClCompile Include="alc\effects\compressor.cpp">
      <Filter>Source Files</Filter>
    </ClCompile>
    <ClCompile Include="core\context.cpp">
      <Filter>Source Files</Filter>
    </ClCompile>
    <ClCompile Include="alc\context.cpp">
      <Filter>Source Files</Filter>
    </ClCompile>
    <ClCompile Include="core\converter.cpp">
      <Filter>Source Files</Filter>
    </ClCompile>
    <ClCompile Include="alc\effects\convolution.cpp">
      <Filter>Source Files</Filter>
    </ClCompile>
    <ClCompile Include="al\effects\convolution.cpp">
      <Filter>Source Files</Filter>
    </ClCompile>
    <ClCompile Include="core\cpu_caps.cpp">
      <Filter>Source Files</Filter>
    </ClCompile>
    <ClCompile Include="core\cubic_tables.cpp">
      <Filter>Source Files</Filter>
    </ClCompile>
    <ClCompile Include="al\effects\dedicated.cpp">
      <Filter>Source Files</Filter>
    </ClCompile>
    <ClCompile Include="alc\effects\dedicated.cpp">
      <Filter>Source Files</Filter>
    </ClCompile>
    <ClCompile Include="core\devformat.cpp">
      <Filter>Source Files</Filter>
    </ClCompile>
    <ClCompile Include="alc\device.cpp">
      <Filter>Source Files</Filter>
    </ClCompile>
    <ClCompile Include="core\device.cpp">
      <Filter>Source Files</Filter>
    </ClCompile>
    <ClCompile Include="alc\effects\distortion.cpp">
      <Filter>Source Files</Filter>
    </ClCompile>
    <ClCompile Include="al\effects\distortion.cpp">
      <Filter>Source Files</Filter>
    </ClCompile>
    <ClCompile Include="alc\backends\dsound.cpp">
      <Filter>Source Files</Filter>
    </ClCompile>
    <ClCompile Include="common\dynload.cpp">
      <Filter>Source Files</Filter>
    </ClCompile>
    <ClCompile Include="al\effects\echo.cpp">
      <Filter>Source Files</Filter>
    </ClCompile>
    <ClCompile Include="alc\effects\echo.cpp">
      <Filter>Source Files</Filter>
    </ClCompile>
    <ClCompile Include="al\effect.cpp">
      <Filter>Source Files</Filter>
    </ClCompile>
    <ClCompile Include="al\effects\effects.cpp">
      <Filter>Source Files</Filter>
    </ClCompile>
    <ClCompile Include="core\effectslot.cpp">
      <Filter>Source Files</Filter>
    </ClCompile>
    <ClCompile Include="al\effects\equalizer.cpp">
      <Filter>Source Files</Filter>
    </ClCompile>
    <ClCompile Include="alc\effects\equalizer.cpp">
      <Filter>Source Files</Filter>
    </ClCompile>
    <ClCompile Include="al\error.cpp">
      <Filter>Source Files</Filter>
    </ClCompile>
    <ClCompile Include="al\event.cpp">
      <Filter>Source Files</Filter>
    </ClCompile>
    <ClCompile Include="core\except.cpp">
      <Filter>Source Files</Filter>
    </ClCompile>
    <ClCompile Include="al\eax\exception.cpp">
      <Filter>Source Files</Filter>
    </ClCompile>
    <ClCompile Include="al\extension.cpp">
      <Filter>Source Files</Filter>
    </ClCompile>
    <ClCompile Include="al\filter.cpp">
      <Filter>Source Files</Filter>
    </ClCompile>
    <ClCompile Include="core\fmt_traits.cpp">
      <Filter>Source Files</Filter>
    </ClCompile>
    <ClCompile Include="core\fpu_ctrl.cpp">
      <Filter>Source Files</Filter>
    </ClCompile>
    <ClCompile Include="alc\effects\fshifter.cpp">
      <Filter>Source Files</Filter>
    </ClCompile>
    <ClCompile Include="al\effects\fshifter.cpp">
      <Filter>Source Files</Filter>
    </ClCompile>
    <ClCompile Include="al\eax\fx_slot_index.cpp">
      <Filter>Source Files</Filter>
    </ClCompile>
    <ClCompile Include="al\eax\fx_slots.cpp">
      <Filter>Source Files</Filter>
    </ClCompile>
    <ClCompile Include="al\eax\globals.cpp">
      <Filter>Source Files</Filter>
    </ClCompile>
    <ClCompile Include="core\helpers.cpp">
      <Filter>Source Files</Filter>
    </ClCompile>
    <ClCompile Include="core\hrtf.cpp">
      <Filter>Source Files</Filter>
    </ClCompile>
    <ClCompile Include="al\listener.cpp">
      <Filter>Source Files</Filter>
    </ClCompile>
    <ClCompile Include="core\logging.cpp">
      <Filter>Source Files</Filter>
    </ClCompile>
    <ClCompile Include="alc\backends\loopback.cpp">
      <Filter>Source Files</Filter>
    </ClCompile>
    <ClCompile Include="core\mastering.cpp">
      <Filter>Source Files</Filter>
    </ClCompile>
    <ClCompile Include="core\mixer.cpp">
      <Filter>Source Files</Filter>
    </ClCompile>
    <ClCompile Include="core\mixer\mixer_c.cpp">
      <Filter>Source Files</Filter>
    </ClCompile>
    <ClCompile Include="core\mixer\mixer_sse.cpp">
      <Filter>Source Files</Filter>
    </ClCompile>
    <ClCompile Include="core\mixer\mixer_sse2.cpp">
      <Filter>Source Files</Filter>
    </ClCompile>
    <ClCompile Include="core\mixer\mixer_sse3.cpp">
      <Filter>Source Files</Filter>
    </ClCompile>
    <ClCompile Include="core\mixer\mixer_sse41.cpp">
      <Filter>Source Files</Filter>
    </ClCompile>
    <ClCompile Include="al\effects\modulator.cpp">
      <Filter>Source Files</Filter>
    </ClCompile>
    <ClCompile Include="alc\effects\modulator.cpp">
      <Filter>Source Files</Filter>
    </ClCompile>
    <ClCompile Include="core\filters\nfc.cpp">
      <Filter>Source Files</Filter>
    </ClCompile>
    <ClCompile Include="al\effects\null.cpp">
      <Filter>Source Files</Filter>
    </ClCompile>
    <ClCompile Include="alc\effects\null.cpp">
      <Filter>Source Files</Filter>
    </ClCompile>
    <ClCompile Include="alc\backends\null.cpp">
      <Filter>Source Files</Filter>
    </ClCompile>
    <ClCompile Include="alc\panning.cpp">
      <Filter>Source Files</Filter>
    </ClCompile>
    <ClCompile Include="common\polyphase_resampler.cpp">
      <Filter>Source Files</Filter>
    </ClCompile>
    <ClCompile Include="alc\effects\pshifter.cpp">
      <Filter>Source Files</Filter>
    </ClCompile>
    <ClCompile Include="al\effects\pshifter.cpp">
      <Filter>Source Files</Filter>
    </ClCompile>
    <ClCompile Include="alc\effects\reverb.cpp">
      <Filter>Source Files</Filter>
    </ClCompile>
    <ClCompile Include="al\effects\reverb.cpp">
      <Filter>Source Files</Filter>
    </ClCompile>
    <ClCompile Include="common\ringbuffer.cpp">
      <Filter>Source Files</Filter>
    </ClCompile>
    <ClCompile Include="al\source.cpp">
      <Filter>Source Files</Filter>
    </ClCompile>
    <ClCompile Include="core\filters\splitter.cpp">
      <Filter>Source Files</Filter>
    </ClCompile>
    <ClCompile Include="al\state.cpp">
      <Filter>Source Files</Filter>
    </ClCompile>
    <ClCompile Include="common\strutils.cpp">
      <Filter>Source Files</Filter>
    </ClCompile>
    <ClCompile Include="common\threads.cpp">
      <Filter>Source Files</Filter>
    </ClCompile>
    <ClCompile Include="core\uhjfilter.cpp">
      <Filter>Source Files</Filter>
    </ClCompile>
    <ClCompile Include="core\uiddefs.cpp">
      <Filter>Source Files</Filter>
    </ClCompile>
    <ClCompile Include="al\eax\utils.cpp">
      <Filter>Source Files</Filter>
    </ClCompile>
    <ClCompile Include="al\effects\vmorpher.cpp">
      <Filter>Source Files</Filter>
    </ClCompile>
    <ClCompile Include="alc\effects\vmorpher.cpp">
      <Filter>Source Files</Filter>
    </ClCompile>
    <ClCompile Include="core\voice.cpp">
      <Filter>Source Files</Filter>
    </ClCompile>
    <ClCompile Include="alc\backends\wasapi.cpp">
      <Filter>Source Files</Filter>
    </ClCompile>
    <ClCompile Include="alc\backends\wave.cpp">
      <Filter>Source Files</Filter>
    </ClCompile>
    <ClCompile Include="alc\backends\winmm.cpp">
      <Filter>Source Files</Filter>
    </ClCompile>
  </ItemGroup>
  <ItemGroup>
    <ClInclude Include="common\albit.h">
      <Filter>Header Files</Filter>
    </ClInclude>
    <ClInclude Include="common\albyte.h">
      <Filter>Header Files</Filter>
    </ClInclude>
    <ClInclude Include="common\alcomplex.h">
      <Filter>Header Files</Filter>
    </ClInclude>
    <ClInclude Include="alc\alconfig.h">
      <Filter>Header Files</Filter>
    </ClInclude>
    <ClInclude Include="common\aldeque.h">
      <Filter>Header Files</Filter>
    </ClInclude>
    <ClInclude Include="common\alfstream.h">
      <Filter>Header Files</Filter>
    </ClInclude>
    <ClInclude Include="common\almalloc.h">
      <Filter>Header Files</Filter>
    </ClInclude>
    <ClInclude Include="common\alnumbers.h">
      <Filter>Header Files</Filter>
    </ClInclude>
    <ClInclude Include="common\alnumeric.h">
      <Filter>Header Files</Filter>
    </ClInclude>
    <ClInclude Include="common\aloptional.h">
      <Filter>Header Files</Filter>
    </ClInclude>
    <ClInclude Include="common\alspan.h">
      <Filter>Header Files</Filter>
    </ClInclude>
    <ClInclude Include="common\alstring.h">
      <Filter>Header Files</Filter>
    </ClInclude>
    <ClInclude Include="common\altraits.h">
      <Filter>Header Files</Filter>
    </ClInclude>
    <ClInclude Include="alc\alu.h">
      <Filter>Header Files</Filter>
    </ClInclude>
    <ClInclude Include="core\ambdec.h">
      <Filter>Header Files</Filter>
    </ClInclude>
    <ClInclude Include="core\ambidefs.h">
      <Filter>Header Files</Filter>
    </ClInclude>
    <ClInclude Include="al\eax\api.h">
      <Filter>Header Files</Filter>
    </ClInclude>
    <ClInclude Include="core\async_event.h">
      <Filter>Header Files</Filter>
    </ClInclude>
    <ClInclude Include="common\atomic.h">
      <Filter>Header Files</Filter>
    </ClInclude>
    <ClInclude Include="al\auxeffectslot.h">
      <Filter>Header Files</Filter>
    </ClInclude>
    <ClInclude Include="core\effects\base.h">
      <Filter>Header Files</Filter>
    </ClInclude>
    <ClInclude Include="alc\effects\base.h">
      <Filter>Header Files</Filter>
    </ClInclude>
    <ClInclude Include="alc\backends\base.h">
      <Filter>Header Files</Filter>
    </ClInclude>
    <ClInclude Include="core\bformatdec.h">
      <Filter>Header Files</Filter>
    </ClInclude>
    <ClInclude Include="core\filters\biquad.h">
      <Filter>Header Files</Filter>
    </ClInclude>
    <ClInclude Include="core\bs2b.h">
      <Filter>Header Files</Filter>
    </ClInclude>
    <ClInclude Include="core\bsinc_defs.h">
      <Filter>Header Files</Filter>
    </ClInclude>
    <ClInclude Include="core\bsinc_tables.h">
      <Filter>Header Files</Filter>
    </ClInclude>
    <ClInclude Include="al\buffer.h">
      <Filter>Header Files</Filter>
    </ClInclude>
    <ClInclude Include="core\buffer_storage.h">
      <Filter>Header Files</Filter>
    </ClInclude>
    <ClInclude Include="core\bufferline.h">
      <Filter>Header Files</Filter>
    </ClInclude>
    <ClInclude Include="al\eax\call.h">
      <Filter>Header Files</Filter>
    </ClInclude>
    <ClInclude Include="common\comptr.h">
      <Filter>Header Files</Filter>
    </ClInclude>
    <ClInclude Include="alc\context.h">
      <Filter>Header Files</Filter>
    </ClInclude>
    <ClInclude Include="core\context.h">
      <Filter>Header Files</Filter>
    </ClInclude>
    <ClInclude Include="core\converter.h">
      <Filter>Header Files</Filter>
    </ClInclude>
    <ClInclude Include="core\cpu_caps.h">
      <Filter>Header Files</Filter>
    </ClInclude>
    <ClInclude Include="core\cubic_defs.h">
      <Filter>Header Files</Filter>
    </ClInclude>
    <ClInclude Include="core\cubic_tables.h">
      <Filter>Header Files</Filter>
    </ClInclude>
    <ClInclude Include="core\mixer\defs.h">
      <Filter>Header Files</Filter>
    </ClInclude>
    <ClInclude Include="core\devformat.h">
      <Filter>Header Files</Filter>
    </ClInclude>
    <ClInclude Include="alc\device.h">
      <Filter>Header Files</Filter>
    </ClInclude>
    <ClInclude Include="core\device.h">
      <Filter>Header Files</Filter>
    </ClInclude>
    <ClInclude Include="alc\backends\dsound.h">
      <Filter>Header Files</Filter>
    </ClInclude>
    <ClInclude Include="common\dynload.h">
      <Filter>Header Files</Filter>
    </ClInclude>
    <ClInclude Include="al\effect.h">
      <Filter>Header Files</Filter>
    </ClInclude>
    <ClInclude Include="al\eax\effect.h">
      <Filter>Header Files</Filter>
    </ClInclude>
    <ClInclude Include="al\effects\effects.h">
      <Filter>Header Files</Filter>
    </ClInclude>
    <ClInclude Include="core\effectslot.h">
      <Filter>Header Files</Filter>
    </ClInclude>
    <ClInclude Include="al\event.h">
      <Filter>Header Files</Filter>
    </ClInclude>
    <ClInclude Include="core\except.h">
      <Filter>Header Files</Filter>
    </ClInclude>
    <ClInclude Include="al\eax\exception.h">
      <Filter>Header Files</Filter>
    </ClInclude>
    <ClInclude Include="al\filter.h">
      <Filter>Header Files</Filter>
    </ClInclude>
    <ClInclude Include="core\fmt_traits.h">
      <Filter>Header Files</Filter>
    </ClInclude>
    <ClInclude Include="core\fpu_ctrl.h">
      <Filter>Header Files</Filter>
    </ClInclude>
    <ClInclude Include="core\front_stablizer.h">
      <Filter>Header Files</Filter>
    </ClInclude>
    <ClInclude Include="al\eax\fx_slot_index.h">
      <Filter>Header Files</Filter>
    </ClInclude>
    <ClInclude Include="al\eax\fx_slots.h">
      <Filter>Header Files</Filter>
    </ClInclude>
    <ClInclude Include="al\eax\globals.h">
      <Filter>Header Files</Filter>
    </ClInclude>
    <ClInclude Include="core\helpers.h">
      <Filter>Header Files</Filter>
    </ClInclude>
    <ClInclude Include="core\hrtf.h">
      <Filter>Header Files</Filter>
    </ClInclude>
    <ClInclude Include="core\mixer\hrtfbase.h">
      <Filter>Header Files</Filter>
    </ClInclude>
    <ClInclude Include="core\mixer\hrtfdefs.h">
      <Filter>Header Files</Filter>
    </ClInclude>
    <ClInclude Include="alc\inprogext.h">
      <Filter>Header Files</Filter>
    </ClInclude>
    <ClInclude Include="common\intrusive_ptr.h">
      <Filter>Header Files</Filter>
    </ClInclude>
    <ClInclude Include="al\listener.h">
      <Filter>Header Files</Filter>
    </ClInclude>
    <ClInclude Include="core\logging.h">
      <Filter>Header Files</Filter>
    </ClInclude>
    <ClInclude Include="alc\backends\loopback.h">
      <Filter>Header Files</Filter>
    </ClInclude>
    <ClInclude Include="core\mastering.h">
      <Filter>Header Files</Filter>
    </ClInclude>
    <ClInclude Include="core\mixer.h">
      <Filter>Header Files</Filter>
    </ClInclude>
    <ClInclude Include="core\filters\nfc.h">
      <Filter>Header Files</Filter>
    </ClInclude>
    <ClInclude Include="alc\backends\null.h">
      <Filter>Header Files</Filter>
    </ClInclude>
    <ClInclude Include="common\opthelpers.h">
      <Filter>Header Files</Filter>
    </ClInclude>
    <ClInclude Include="common\phase_shifter.h">
      <Filter>Header Files</Filter>
    </ClInclude>
    <ClInclude Include="common\polyphase_resampler.h">
      <Filter>Header Files</Filter>
    </ClInclude>
    <ClInclude Include="common\pragmadefs.h">
      <Filter>Header Files</Filter>
    </ClInclude>
    <ClInclude Include="core\resampler_limits.h">
      <Filter>Header Files</Filter>
    </ClInclude>
    <ClInclude Include="common\ringbuffer.h">
      <Filter>Header Files</Filter>
    </ClInclude>
    <ClInclude Include="al\source.h">
      <Filter>Header Files</Filter>
    </ClInclude>
    <ClInclude Include="core\filters\splitter.h">
      <Filter>Header Files</Filter>
    </ClInclude>
    <ClInclude Include="common\strutils.h">
      <Filter>Header Files</Filter>
    </ClInclude>
    <ClInclude Include="common\threads.h">
      <Filter>Header Files</Filter>
    </ClInclude>
    <ClInclude Include="core\uhjfilter.h">
      <Filter>Header Files</Filter>
    </ClInclude>
    <ClInclude Include="al\eax\utils.h">
      <Filter>Header Files</Filter>
    </ClInclude>
    <ClInclude Include="common\vecmat.h">
      <Filter>Header Files</Filter>
    </ClInclude>
    <ClInclude Include="common\vector.h">
      <Filter>Header Files</Filter>
    </ClInclude>
    <ClInclude Include="core\voice.h">
      <Filter>Header Files</Filter>
    </ClInclude>
    <ClInclude Include="core\voice_change.h">
      <Filter>Header Files</Filter>
    </ClInclude>
    <ClInclude Include="alc\backends\wasapi.h">
      <Filter>Header Files</Filter>
    </ClInclude>
    <ClInclude Include="alc\backends\wave.h">
      <Filter>Header Files</Filter>
    </ClInclude>
    <ClInclude Include="alc\backends\winmm.h">
      <Filter>Header Files</Filter>
    </ClInclude>
    <ClInclude Include="al\eax\x_ram.h">
      <Filter>Header Files</Filter>
    </ClInclude>
  </ItemGroup>
  <ItemGroup>
    <Filter Include="Header Files">
      <UniqueIdentifier>{41682B9C-6500-3315-A1D6-5CC1E9809A92}</UniqueIdentifier>
    </Filter>
    <Filter Include="Source Files">
      <UniqueIdentifier>{4555BD95-9860-31D4-B9FA-37A297D7CBBC}</UniqueIdentifier>
    </Filter>
  </ItemGroup>
  <ItemGroup>
    <Text Include="default_hrtf.txt" />
  </ItemGroup>
</Project>