<?xml version="1.0" encoding="utf-8"?>
<Project ToolsVersion="4.0" xmlns="http://schemas.microsoft.com/developer/msbuild/2003">
  <ItemGroup>
    <ClCompile Include="base.cpp" />
    <ClCompile Include="lfs.c" />
    <ClCompile Include="lmarshal.c" />
    <ClCompile Include="script_additional_libs.cpp" />
    <ClCompile Include="luasocket\auxiliar.c" />
    <ClCompile Include="luasocket\buffer.c" />
    <ClCompile Include="luasocket\compat.c" />
    <ClCompile Include="luasocket\except.c" />
    <ClCompile Include="luasocket\inet.c" />
    <ClCompile Include="luasocket\io.c" />
    <ClCompile Include="luasocket\luasocket.c" />
    <ClCompile Include="luasocket\mime.c" />
    <ClCompile Include="luasocket\options.c" />
    <ClCompile Include="luasocket\select.c" />
    <ClCompile Include="luasocket\tcp.c" />
    <ClCompile Include="luasocket\timeout.c" />
    <ClCompile Include="luasocket\udp.c" />
    <ClCompile Include="luasocket\wsocket.c" />
    <ClCompile Include="luapanda.cpp" />
  </ItemGroup>
  <ItemGroup>
    <ClInclude Include="lfs.h" />
    <ClInclude Include="lmarshal.h" />
    <ClInclude Include="script_additional_libs.h" />
    <ClInclude Include="luasocket\auxiliar.h" />
    <ClInclude Include="luasocket\buffer.h" />
    <ClInclude Include="luasocket\compat.h" />
    <ClInclude Include="luasocket\except.h" />
    <ClInclude Include="luasocket\inet.h" />
    <ClInclude Include="luasocket\io.h" />
    <ClInclude Include="luasocket\luasocket.h" />
    <ClInclude Include="luasocket\mime.h" />
    <ClInclude Include="luasocket\options.h" />
    <ClInclude Include="luasocket\pierror.h" />
    <ClInclude Include="luasocket\select.h" />
    <ClInclude Include="luasocket\socket.h" />
    <ClInclude Include="luasocket\tcp.h" />
    <ClInclude Include="luasocket\timeout.h" />
    <ClInclude Include="luasocket\udp.h" />
    <ClInclude Include="luasocket\wsocket.h" />
    <ClInclude Include="luapanda.h" />
  </ItemGroup>
</Project>